// !$*UTF8*$!
{
	archiveVersion = 1;
	classes = {
	};
	objectVersion = 56;
	objects = {

/* Begin PBXBuildFile section */
		F14A6D992BAB7BE000089038 /* CountriesApp.swift in Sources */ = {isa = PBXBuildFile; fileRef = F14A6D982BAB7BE000089038 /* CountriesApp.swift */; };
		F14A6D9D2BAB7BE000089038 /* Assets.xcassets in Resources */ = {isa = PBXBuildFile; fileRef = F14A6D9C2BAB7BE000089038 /* Assets.xcassets */; };
		F14A6DA02BAB7BE000089038 /* Preview Assets.xcassets in Resources */ = {isa = PBXBuildFile; fileRef = F14A6D9F2BAB7BE000089038 /* Preview Assets.xcassets */; };
		F14A6DAA2BAB7BE000089038 /* SearchCountriesViewModelTests.swift in Sources */ = {isa = PBXBuildFile; fileRef = F14A6DA92BAB7BE000089038 /* SearchCountriesViewModelTests.swift */; };
		F14A6DB42BAB7BE000089038 /* CountriesUITests.swift in Sources */ = {isa = PBXBuildFile; fileRef = F14A6DB32BAB7BE000089038 /* CountriesUITests.swift */; };
		F14A6DB62BAB7BE000089038 /* CountriesUITestsLaunchTests.swift in Sources */ = {isa = PBXBuildFile; fileRef = F14A6DB52BAB7BE000089038 /* CountriesUITestsLaunchTests.swift */; };
		F14A6DC32BAB7E0F00089038 /* CountriesService.swift in Sources */ = {isa = PBXBuildFile; fileRef = F14A6DC22BAB7E0F00089038 /* CountriesService.swift */; };
		F14A6DC52BAB7E4700089038 /* URLSessionProtocol.swift in Sources */ = {isa = PBXBuildFile; fileRef = F14A6DC42BAB7E4700089038 /* URLSessionProtocol.swift */; };
		F14A6DC72BAB805200089038 /* Country.swift in Sources */ = {isa = PBXBuildFile; fileRef = F14A6DC62BAB805200089038 /* Country.swift */; };
		F14A6DCB2BAB816700089038 /* SearchCountriesView.swift in Sources */ = {isa = PBXBuildFile; fileRef = F14A6DCA2BAB816700089038 /* SearchCountriesView.swift */; };
		F14A6DCD2BAB898B00089038 /* SearchCountriesViewModel.swift in Sources */ = {isa = PBXBuildFile; fileRef = F14A6DCC2BAB898B00089038 /* SearchCountriesViewModel.swift */; };
		F14A6DCF2BAC33B700089038 /* MockCountriesService.swift in Sources */ = {isa = PBXBuildFile; fileRef = F14A6DCE2BAC33B700089038 /* MockCountriesService.swift */; };
		F14A6DD12BAC501E00089038 /* CountriesServiceTests.swift in Sources */ = {isa = PBXBuildFile; fileRef = F14A6DD02BAC501E00089038 /* CountriesServiceTests.swift */; };
		F14A6DD32BAC507C00089038 /* MockURLSession.swift in Sources */ = {isa = PBXBuildFile; fileRef = F14A6DD22BAC507C00089038 /* MockURLSession.swift */; };
/* End PBXBuildFile section */

/* Begin PBXContainerItemProxy section */
		F14A6DA62BAB7BE000089038 /* PBXContainerItemProxy */ = {
			isa = PBXContainerItemProxy;
			containerPortal = F14A6D8D2BAB7BDF00089038 /* Project object */;
			proxyType = 1;
			remoteGlobalIDString = F14A6D942BAB7BDF00089038;
			remoteInfo = Countries;
		};
		F14A6DB02BAB7BE000089038 /* PBXContainerItemProxy */ = {
			isa = PBXContainerItemProxy;
			containerPortal = F14A6D8D2BAB7BDF00089038 /* Project object */;
			proxyType = 1;
			remoteGlobalIDString = F14A6D942BAB7BDF00089038;
			remoteInfo = Countries;
		};
/* End PBXContainerItemProxy section */

/* Begin PBXFileReference section */
		F14A6D952BAB7BE000089038 /* Countries.app */ = {isa = PBXFileReference; explicitFileType = wrapper.application; includeInIndex = 0; path = Countries.app; sourceTree = BUILT_PRODUCTS_DIR; };
		F14A6D982BAB7BE000089038 /* CountriesApp.swift */ = {isa = PBXFileReference; lastKnownFileType = sourcecode.swift; path = CountriesApp.swift; sourceTree = "<group>"; };
		F14A6D9C2BAB7BE000089038 /* Assets.xcassets */ = {isa = PBXFileReference; lastKnownFileType = folder.assetcatalog; path = Assets.xcassets; sourceTree = "<group>"; };
		F14A6D9F2BAB7BE000089038 /* Preview Assets.xcassets */ = {isa = PBXFileReference; lastKnownFileType = folder.assetcatalog; path = "Preview Assets.xcassets"; sourceTree = "<group>"; };
		F14A6DA52BAB7BE000089038 /* CountriesTests.xctest */ = {isa = PBXFileReference; explicitFileType = wrapper.cfbundle; includeInIndex = 0; path = CountriesTests.xctest; sourceTree = BUILT_PRODUCTS_DIR; };
		F14A6DA92BAB7BE000089038 /* SearchCountriesViewModelTests.swift */ = {isa = PBXFileReference; lastKnownFileType = sourcecode.swift; path = SearchCountriesViewModelTests.swift; sourceTree = "<group>"; };
		F14A6DAF2BAB7BE000089038 /* CountriesUITests.xctest */ = {isa = PBXFileReference; explicitFileType = wrapper.cfbundle; includeInIndex = 0; path = CountriesUITests.xctest; sourceTree = BUILT_PRODUCTS_DIR; };
		F14A6DB32BAB7BE000089038 /* CountriesUITests.swift */ = {isa = PBXFileReference; lastKnownFileType = sourcecode.swift; path = CountriesUITests.swift; sourceTree = "<group>"; };
		F14A6DB52BAB7BE000089038 /* CountriesUITestsLaunchTests.swift */ = {isa = PBXFileReference; lastKnownFileType = sourcecode.swift; path = CountriesUITestsLaunchTests.swift; sourceTree = "<group>"; };
		F14A6DC22BAB7E0F00089038 /* CountriesService.swift */ = {isa = PBXFileReference; lastKnownFileType = sourcecode.swift; path = CountriesService.swift; sourceTree = "<group>"; };
		F14A6DC42BAB7E4700089038 /* URLSessionProtocol.swift */ = {isa = PBXFileReference; lastKnownFileType = sourcecode.swift; path = URLSessionProtocol.swift; sourceTree = "<group>"; };
		F14A6DC62BAB805200089038 /* Country.swift */ = {isa = PBXFileReference; lastKnownFileType = sourcecode.swift; path = Country.swift; sourceTree = "<group>"; };
		F14A6DCA2BAB816700089038 /* SearchCountriesView.swift */ = {isa = PBXFileReference; lastKnownFileType = sourcecode.swift; path = SearchCountriesView.swift; sourceTree = "<group>"; };
		F14A6DCC2BAB898B00089038 /* SearchCountriesViewModel.swift */ = {isa = PBXFileReference; lastKnownFileType = sourcecode.swift; path = SearchCountriesViewModel.swift; sourceTree = "<group>"; };
		F14A6DCE2BAC33B700089038 /* MockCountriesService.swift */ = {isa = PBXFileReference; lastKnownFileType = sourcecode.swift; path = MockCountriesService.swift; sourceTree = "<group>"; };
		F14A6DD02BAC501E00089038 /* CountriesServiceTests.swift */ = {isa = PBXFileReference; lastKnownFileType = sourcecode.swift; path = CountriesServiceTests.swift; sourceTree = "<group>"; };
		F14A6DD22BAC507C00089038 /* MockURLSession.swift */ = {isa = PBXFileReference; lastKnownFileType = sourcecode.swift; path = MockURLSession.swift; sourceTree = "<group>"; };
/* End PBXFileReference section */

/* Begin PBXFrameworksBuildPhase section */
		F14A6D922BAB7BDF00089038 /* Frameworks */ = {
			isa = PBXFrameworksBuildPhase;
			buildActionMask = 2147483647;
			files = (
			);
			runOnlyForDeploymentPostprocessing = 0;
		};
		F14A6DA22BAB7BE000089038 /* Frameworks */ = {
			isa = PBXFrameworksBuildPhase;
			buildActionMask = 2147483647;
			files = (
			);
			runOnlyForDeploymentPostprocessing = 0;
		};
		F14A6DAC2BAB7BE000089038 /* Frameworks */ = {
			isa = PBXFrameworksBuildPhase;
			buildActionMask = 2147483647;
			files = (
			);
			runOnlyForDeploymentPostprocessing = 0;
		};
/* End PBXFrameworksBuildPhase section */

/* Begin PBXGroup section */
		F14A6D8C2BAB7BDF00089038 = {
			isa = PBXGroup;
			children = (
				F14A6D972BAB7BE000089038 /* Countries */,
				F14A6DA82BAB7BE000089038 /* CountriesTests */,
				F14A6DB22BAB7BE000089038 /* CountriesUITests */,
				F14A6D962BAB7BE000089038 /* Products */,
			);
			sourceTree = "<group>";
		};
		F14A6D962BAB7BE000089038 /* Products */ = {
			isa = PBXGroup;
			children = (
				F14A6D952BAB7BE000089038 /* Countries.app */,
				F14A6DA52BAB7BE000089038 /* CountriesTests.xctest */,
				F14A6DAF2BAB7BE000089038 /* CountriesUITests.xctest */,
			);
			name = Products;
			sourceTree = "<group>";
		};
		F14A6D972BAB7BE000089038 /* Countries */ = {
			isa = PBXGroup;
			children = (
				F14A6D982BAB7BE000089038 /* CountriesApp.swift */,
				F14A6DCA2BAB816700089038 /* SearchCountriesView.swift */,
				F14A6DCC2BAB898B00089038 /* SearchCountriesViewModel.swift */,
				F14A6DC22BAB7E0F00089038 /* CountriesService.swift */,
				F14A6DC42BAB7E4700089038 /* URLSessionProtocol.swift */,
				F14A6DC62BAB805200089038 /* Country.swift */,
				F14A6D9C2BAB7BE000089038 /* Assets.xcassets */,
				F14A6D9E2BAB7BE000089038 /* Preview Content */,
			);
			path = Countries;
			sourceTree = "<group>";
		};
		F14A6D9E2BAB7BE000089038 /* Preview Content */ = {
			isa = PBXGroup;
			children = (
				F14A6D9F2BAB7BE000089038 /* Preview Assets.xcassets */,
			);
			path = "Preview Content";
			sourceTree = "<group>";
		};
		F14A6DA82BAB7BE000089038 /* CountriesTests */ = {
			isa = PBXGroup;
			children = (
				F14A6DA92BAB7BE000089038 /* SearchCountriesViewModelTests.swift */,
				F14A6DCE2BAC33B700089038 /* MockCountriesService.swift */,
				F14A6DD02BAC501E00089038 /* CountriesServiceTests.swift */,
				F14A6DD22BAC507C00089038 /* MockURLSession.swift */,
			);
			path = CountriesTests;
			sourceTree = "<group>";
		};
		F14A6DB22BAB7BE000089038 /* CountriesUITests */ = {
			isa = PBXGroup;
			children = (
				F14A6DB32BAB7BE000089038 /* CountriesUITests.swift */,
				F14A6DB52BAB7BE000089038 /* CountriesUITestsLaunchTests.swift */,
			);
			path = CountriesUITests;
			sourceTree = "<group>";
		};
/* End PBXGroup section */

/* Begin PBXNativeTarget section */
		F14A6D942BAB7BDF00089038 /* Countries */ = {
			isa = PBXNativeTarget;
			buildConfigurationList = F14A6DB92BAB7BE000089038 /* Build configuration list for PBXNativeTarget "Countries" */;
			buildPhases = (
				F14A6D912BAB7BDF00089038 /* Sources */,
				F14A6D922BAB7BDF00089038 /* Frameworks */,
				F14A6D932BAB7BDF00089038 /* Resources */,
			);
			buildRules = (
			);
			dependencies = (
			);
			name = Countries;
			productName = Countries;
			productReference = F14A6D952BAB7BE000089038 /* Countries.app */;
			productType = "com.apple.product-type.application";
		};
		F14A6DA42BAB7BE000089038 /* CountriesTests */ = {
			isa = PBXNativeTarget;
			buildConfigurationList = F14A6DBC2BAB7BE100089038 /* Build configuration list for PBXNativeTarget "CountriesTests" */;
			buildPhases = (
				F14A6DA12BAB7BE000089038 /* Sources */,
				F14A6DA22BAB7BE000089038 /* Frameworks */,
				F14A6DA32BAB7BE000089038 /* Resources */,
			);
			buildRules = (
			);
			dependencies = (
				F14A6DA72BAB7BE000089038 /* PBXTargetDependency */,
			);
			name = CountriesTests;
			productName = CountriesTests;
			productReference = F14A6DA52BAB7BE000089038 /* CountriesTests.xctest */;
			productType = "com.apple.product-type.bundle.unit-test";
		};
		F14A6DAE2BAB7BE000089038 /* CountriesUITests */ = {
			isa = PBXNativeTarget;
			buildConfigurationList = F14A6DBF2BAB7BE100089038 /* Build configuration list for PBXNativeTarget "CountriesUITests" */;
			buildPhases = (
				F14A6DAB2BAB7BE000089038 /* Sources */,
				F14A6DAC2BAB7BE000089038 /* Frameworks */,
				F14A6DAD2BAB7BE000089038 /* Resources */,
			);
			buildRules = (
			);
			dependencies = (
				F14A6DB12BAB7BE000089038 /* PBXTargetDependency */,
			);
			name = CountriesUITests;
			productName = CountriesUITests;
			productReference = F14A6DAF2BAB7BE000089038 /* CountriesUITests.xctest */;
			productType = "com.apple.product-type.bundle.ui-testing";
		};
/* End PBXNativeTarget section */

/* Begin PBXProject section */
		F14A6D8D2BAB7BDF00089038 /* Project object */ = {
			isa = PBXProject;
			attributes = {
				BuildIndependentTargetsInParallel = 1;
				LastSwiftUpdateCheck = 1520;
				LastUpgradeCheck = 1520;
				TargetAttributes = {
					F14A6D942BAB7BDF00089038 = {
						CreatedOnToolsVersion = 15.2;
					};
					F14A6DA42BAB7BE000089038 = {
						CreatedOnToolsVersion = 15.2;
						TestTargetID = F14A6D942BAB7BDF00089038;
					};
					F14A6DAE2BAB7BE000089038 = {
						CreatedOnToolsVersion = 15.2;
						TestTargetID = F14A6D942BAB7BDF00089038;
					};
				};
			};
			buildConfigurationList = F14A6D902BAB7BDF00089038 /* Build configuration list for PBXProject "Countries" */;
			compatibilityVersion = "Xcode 14.0";
			developmentRegion = en;
			hasScannedForEncodings = 0;
			knownRegions = (
				en,
				Base,
			);
			mainGroup = F14A6D8C2BAB7BDF00089038;
			productRefGroup = F14A6D962BAB7BE000089038 /* Products */;
			projectDirPath = "";
			projectRoot = "";
			targets = (
				F14A6D942BAB7BDF00089038 /* Countries */,
				F14A6DA42BAB7BE000089038 /* CountriesTests */,
				F14A6DAE2BAB7BE000089038 /* CountriesUITests */,
			);
		};
/* End PBXProject section */

/* Begin PBXResourcesBuildPhase section */
		F14A6D932BAB7BDF00089038 /* Resources */ = {
			isa = PBXResourcesBuildPhase;
			buildActionMask = 2147483647;
			files = (
				F14A6DA02BAB7BE000089038 /* Preview Assets.xcassets in Resources */,
				F14A6D9D2BAB7BE000089038 /* Assets.xcassets in Resources */,
			);
			runOnlyForDeploymentPostprocessing = 0;
		};
		F14A6DA32BAB7BE000089038 /* Resources */ = {
			isa = PBXResourcesBuildPhase;
			buildActionMask = 2147483647;
			files = (
			);
			runOnlyForDeploymentPostprocessing = 0;
		};
		F14A6DAD2BAB7BE000089038 /* Resources */ = {
			isa = PBXResourcesBuildPhase;
			buildActionMask = 2147483647;
			files = (
			);
			runOnlyForDeploymentPostprocessing = 0;
		};
/* End PBXResourcesBuildPhase section */

/* Begin PBXSourcesBuildPhase section */
		F14A6D912BAB7BDF00089038 /* Sources */ = {
			isa = PBXSourcesBuildPhase;
			buildActionMask = 2147483647;
			files = (
				F14A6DC52BAB7E4700089038 /* URLSessionProtocol.swift in Sources */,
				F14A6DC32BAB7E0F00089038 /* CountriesService.swift in Sources */,
				F14A6DC72BAB805200089038 /* Country.swift in Sources */,
				F14A6DCD2BAB898B00089038 /* SearchCountriesViewModel.swift in Sources */,
				F14A6D992BAB7BE000089038 /* CountriesApp.swift in Sources */,
				F14A6DCB2BAB816700089038 /* SearchCountriesView.swift in Sources */,
			);
			runOnlyForDeploymentPostprocessing = 0;
		};
		F14A6DA12BAB7BE000089038 /* Sources */ = {
			isa = PBXSourcesBuildPhase;
			buildActionMask = 2147483647;
			files = (
				F14A6DCF2BAC33B700089038 /* MockCountriesService.swift in Sources */,
				F14A6DD32BAC507C00089038 /* MockURLSession.swift in Sources */,
				F14A6DAA2BAB7BE000089038 /* SearchCountriesViewModelTests.swift in Sources */,
				F14A6DD12BAC501E00089038 /* CountriesServiceTests.swift in Sources */,
			);
			runOnlyForDeploymentPostprocessing = 0;
		};
		F14A6DAB2BAB7BE000089038 /* Sources */ = {
			isa = PBXSourcesBuildPhase;
			buildActionMask = 2147483647;
			files = (
				F14A6DB42BAB7BE000089038 /* CountriesUITests.swift in Sources */,
				F14A6DB62BAB7BE000089038 /* CountriesUITestsLaunchTests.swift in Sources */,
			);
			runOnlyForDeploymentPostprocessing = 0;
		};
/* End PBXSourcesBuildPhase section */

/* Begin PBXTargetDependency section */
		F14A6DA72BAB7BE000089038 /* PBXTargetDependency */ = {
			isa = PBXTargetDependency;
			target = F14A6D942BAB7BDF00089038 /* Countries */;
			targetProxy = F14A6DA62BAB7BE000089038 /* PBXContainerItemProxy */;
		};
		F14A6DB12BAB7BE000089038 /* PBXTargetDependency */ = {
			isa = PBXTargetDependency;
			target = F14A6D942BAB7BDF00089038 /* Countries */;
			targetProxy = F14A6DB02BAB7BE000089038 /* PBXContainerItemProxy */;
		};
/* End PBXTargetDependency section */

/* Begin XCBuildConfiguration section */
		F14A6DB72BAB7BE000089038 /* Debug */ = {
			isa = XCBuildConfiguration;
			buildSettings = {
				ALWAYS_SEARCH_USER_PATHS = NO;
				ASSETCATALOG_COMPILER_GENERATE_SWIFT_ASSET_SYMBOL_EXTENSIONS = YES;
				CLANG_ANALYZER_NONNULL = YES;
				CLANG_ANALYZER_NUMBER_OBJECT_CONVERSION = YES_AGGRESSIVE;
				CLANG_CXX_LANGUAGE_STANDARD = "gnu++20";
				CLANG_ENABLE_MODULES = YES;
				CLANG_ENABLE_OBJC_ARC = YES;
				CLANG_ENABLE_OBJC_WEAK = YES;
				CLANG_WARN_BLOCK_CAPTURE_AUTORELEASING = YES;
				CLANG_WARN_BOOL_CONVERSION = YES;
				CLANG_WARN_COMMA = YES;
				CLANG_WARN_CONSTANT_CONVERSION = YES;
				CLANG_WARN_DEPRECATED_OBJC_IMPLEMENTATIONS = YES;
				CLANG_WARN_DIRECT_OBJC_ISA_USAGE = YES_ERROR;
				CLANG_WARN_DOCUMENTATION_COMMENTS = YES;
				CLANG_WARN_EMPTY_BODY = YES;
				CLANG_WARN_ENUM_CONVERSION = YES;
				CLANG_WARN_INFINITE_RECURSION = YES;
				CLANG_WARN_INT_CONVERSION = YES;
				CLANG_WARN_NON_LITERAL_NULL_CONVERSION = YES;
				CLANG_WARN_OBJC_IMPLICIT_RETAIN_SELF = YES;
				CLANG_WARN_OBJC_LITERAL_CONVERSION = YES;
				CLANG_WARN_OBJC_ROOT_CLASS = YES_ERROR;
				CLANG_WARN_QUOTED_INCLUDE_IN_FRAMEWORK_HEADER = YES;
				CLANG_WARN_RANGE_LOOP_ANALYSIS = YES;
				CLANG_WARN_STRICT_PROTOTYPES = YES;
				CLANG_WARN_SUSPICIOUS_MOVE = YES;
				CLANG_WARN_UNGUARDED_AVAILABILITY = YES_AGGRESSIVE;
				CLANG_WARN_UNREACHABLE_CODE = YES;
				CLANG_WARN__DUPLICATE_METHOD_MATCH = YES;
				COPY_PHASE_STRIP = NO;
				DEBUG_INFORMATION_FORMAT = dwarf;
				ENABLE_STRICT_OBJC_MSGSEND = YES;
				ENABLE_TESTABILITY = YES;
				ENABLE_USER_SCRIPT_SANDBOXING = YES;
				GCC_C_LANGUAGE_STANDARD = gnu17;
				GCC_DYNAMIC_NO_PIC = NO;
				GCC_NO_COMMON_BLOCKS = YES;
				GCC_OPTIMIZATION_LEVEL = 0;
				GCC_PREPROCESSOR_DEFINITIONS = (
					"DEBUG=1",
					"$(inherited)",
				);
				GCC_WARN_64_TO_32_BIT_CONVERSION = YES;
				GCC_WARN_ABOUT_RETURN_TYPE = YES_ERROR;
				GCC_WARN_UNDECLARED_SELECTOR = YES;
				GCC_WARN_UNINITIALIZED_AUTOS = YES_AGGRESSIVE;
				GCC_WARN_UNUSED_FUNCTION = YES;
				GCC_WARN_UNUSED_VARIABLE = YES;
				IPHONEOS_DEPLOYMENT_TARGET = 17.2;
				LOCALIZATION_PREFERS_STRING_CATALOGS = YES;
				MTL_ENABLE_DEBUG_INFO = INCLUDE_SOURCE;
				MTL_FAST_MATH = YES;
				ONLY_ACTIVE_ARCH = YES;
				SDKROOT = iphoneos;
				SWIFT_ACTIVE_COMPILATION_CONDITIONS = "DEBUG $(inherited)";
				SWIFT_OPTIMIZATION_LEVEL = "-Onone";
			};
			name = Debug;
		};
		F14A6DB82BAB7BE000089038 /* Release */ = {
			isa = XCBuildConfiguration;
			buildSettings = {
				ALWAYS_SEARCH_USER_PATHS = NO;
				ASSETCATALOG_COMPILER_GENERATE_SWIFT_ASSET_SYMBOL_EXTENSIONS = YES;
				CLANG_ANALYZER_NONNULL = YES;
				CLANG_ANALYZER_NUMBER_OBJECT_CONVERSION = YES_AGGRESSIVE;
				CLANG_CXX_LANGUAGE_STANDARD = "gnu++20";
				CLANG_ENABLE_MODULES = YES;
				CLANG_ENABLE_OBJC_ARC = YES;
				CLANG_ENABLE_OBJC_WEAK = YES;
				CLANG_WARN_BLOCK_CAPTURE_AUTORELEASING = YES;
				CLANG_WARN_BOOL_CONVERSION = YES;
				CLANG_WARN_COMMA = YES;
				CLANG_WARN_CONSTANT_CONVERSION = YES;
				CLANG_WARN_DEPRECATED_OBJC_IMPLEMENTATIONS = YES;
				CLANG_WARN_DIRECT_OBJC_ISA_USAGE = YES_ERROR;
				CLANG_WARN_DOCUMENTATION_COMMENTS = YES;
				CLANG_WARN_EMPTY_BODY = YES;
				CLANG_WARN_ENUM_CONVERSION = YES;
				CLANG_WARN_INFINITE_RECURSION = YES;
				CLANG_WARN_INT_CONVERSION = YES;
				CLANG_WARN_NON_LITERAL_NULL_CONVERSION = YES;
				CLANG_WARN_OBJC_IMPLICIT_RETAIN_SELF = YES;
				CLANG_WARN_OBJC_LITERAL_CONVERSION = YES;
				CLANG_WARN_OBJC_ROOT_CLASS = YES_ERROR;
				CLANG_WARN_QUOTED_INCLUDE_IN_FRAMEWORK_HEADER = YES;
				CLANG_WARN_RANGE_LOOP_ANALYSIS = YES;
				CLANG_WARN_STRICT_PROTOTYPES = YES;
				CLANG_WARN_SUSPICIOUS_MOVE = YES;
				CLANG_WARN_UNGUARDED_AVAILABILITY = YES_AGGRESSIVE;
				CLANG_WARN_UNREACHABLE_CODE = YES;
				CLANG_WARN__DUPLICATE_METHOD_MATCH = YES;
				COPY_PHASE_STRIP = NO;
				DEBUG_INFORMATION_FORMAT = "dwarf-with-dsym";
				ENABLE_NS_ASSERTIONS = NO;
				ENABLE_STRICT_OBJC_MSGSEND = YES;
				ENABLE_USER_SCRIPT_SANDBOXING = YES;
				GCC_C_LANGUAGE_STANDARD = gnu17;
				GCC_NO_COMMON_BLOCKS = YES;
				GCC_WARN_64_TO_32_BIT_CONVERSION = YES;
				GCC_WARN_ABOUT_RETURN_TYPE = YES_ERROR;
				GCC_WARN_UNDECLARED_SELECTOR = YES;
				GCC_WARN_UNINITIALIZED_AUTOS = YES_AGGRESSIVE;
				GCC_WARN_UNUSED_FUNCTION = YES;
				GCC_WARN_UNUSED_VARIABLE = YES;
				IPHONEOS_DEPLOYMENT_TARGET = 17.2;
				LOCALIZATION_PREFERS_STRING_CATALOGS = YES;
				MTL_ENABLE_DEBUG_INFO = NO;
				MTL_FAST_MATH = YES;
				SDKROOT = iphoneos;
				SWIFT_COMPILATION_MODE = wholemodule;
				VALIDATE_PRODUCT = YES;
			};
			name = Release;
		};
		F14A6DBA2BAB7BE000089038 /* Debug */ = {
			isa = XCBuildConfiguration;
			buildSettings = {
				ASSETCATALOG_COMPILER_APPICON_NAME = AppIcon;
				ASSETCATALOG_COMPILER_GLOBAL_ACCENT_COLOR_NAME = AccentColor;
				CODE_SIGN_STYLE = Automatic;
				CURRENT_PROJECT_VERSION = 1;
				DEVELOPMENT_ASSET_PATHS = "\"Countries/Preview Content\"";
				DEVELOPMENT_TEAM = 25HJ3QV4DT;
				ENABLE_PREVIEWS = YES;
				GENERATE_INFOPLIST_FILE = YES;
				INFOPLIST_KEY_UIApplicationSceneManifest_Generation = YES;
				INFOPLIST_KEY_UIApplicationSupportsIndirectInputEvents = YES;
				INFOPLIST_KEY_UILaunchScreen_Generation = YES;
				INFOPLIST_KEY_UISupportedInterfaceOrientations_iPad = "UIInterfaceOrientationPortrait UIInterfaceOrientationPortraitUpsideDown UIInterfaceOrientationLandscapeLeft UIInterfaceOrientationLandscapeRight";
				INFOPLIST_KEY_UISupportedInterfaceOrientations_iPhone = "UIInterfaceOrientationPortrait UIInterfaceOrientationLandscapeLeft UIInterfaceOrientationLandscapeRight";
				LD_RUNPATH_SEARCH_PATHS = (
					"$(inherited)",
					"@executable_path/Frameworks",
				);
				MARKETING_VERSION = 1.0;
				PRODUCT_BUNDLE_IDENTIFIER = tomer.ciucran.Countries;
				PRODUCT_NAME = "$(TARGET_NAME)";
				SWIFT_EMIT_LOC_STRINGS = YES;
				SWIFT_VERSION = 5.0;
				TARGETED_DEVICE_FAMILY = "1,2";
			};
			name = Debug;
		};
		F14A6DBB2BAB7BE000089038 /* Release */ = {
			isa = XCBuildConfiguration;
			buildSettings = {
				ASSETCATALOG_COMPILER_APPICON_NAME = AppIcon;
				ASSETCATALOG_COMPILER_GLOBAL_ACCENT_COLOR_NAME = AccentColor;
				CODE_SIGN_STYLE = Automatic;
				CURRENT_PROJECT_VERSION = 1;
				DEVELOPMENT_ASSET_PATHS = "\"Countries/Preview Content\"";
				DEVELOPMENT_TEAM = 25HJ3QV4DT;
				ENABLE_PREVIEWS = YES;
				GENERATE_INFOPLIST_FILE = YES;
				INFOPLIST_KEY_UIApplicationSceneManifest_Generation = YES;
				INFOPLIST_KEY_UIApplicationSupportsIndirectInputEvents = YES;
				INFOPLIST_KEY_UILaunchScreen_Generation = YES;
				INFOPLIST_KEY_UISupportedInterfaceOrientations_iPad = "UIInterfaceOrientationPortrait UIInterfaceOrientationPortraitUpsideDown UIInterfaceOrientationLandscapeLeft UIInterfaceOrientationLandscapeRight";
				INFOPLIST_KEY_UISupportedInterfaceOrientations_iPhone = "UIInterfaceOrientationPortrait UIInterfaceOrientationLandscapeLeft UIInterfaceOrientationLandscapeRight";
				LD_RUNPATH_SEARCH_PATHS = (
					"$(inherited)",
					"@executable_path/Frameworks",
				);
				MARKETING_VERSION = 1.0;
				PRODUCT_BUNDLE_IDENTIFIER = tomer.ciucran.Countries;
				PRODUCT_NAME = "$(TARGET_NAME)";
				SWIFT_EMIT_LOC_STRINGS = YES;
				SWIFT_VERSION = 5.0;
				TARGETED_DEVICE_FAMILY = "1,2";
			};
			name = Release;
		};
		F14A6DBD2BAB7BE100089038 /* Debug */ = {
			isa = XCBuildConfiguration;
			buildSettings = {
				ALWAYS_EMBED_SWIFT_STANDARD_LIBRARIES = YES;
				BUNDLE_LOADER = "$(TEST_HOST)";
				CODE_SIGN_STYLE = Automatic;
				CURRENT_PROJECT_VERSION = 1;
				DEVELOPMENT_TEAM = 25HJ3QV4DT;
				GENERATE_INFOPLIST_FILE = YES;
				IPHONEOS_DEPLOYMENT_TARGET = 17.2;
				MARKETING_VERSION = 1.0;
				PRODUCT_BUNDLE_IDENTIFIER = tomer.ciucran.CountriesTests;
				PRODUCT_NAME = "$(TARGET_NAME)";
				SWIFT_EMIT_LOC_STRINGS = NO;
				SWIFT_VERSION = 5.0;
				TARGETED_DEVICE_FAMILY = "1,2";
				TEST_HOST = "$(BUILT_PRODUCTS_DIR)/Countries.app/$(BUNDLE_EXECUTABLE_FOLDER_PATH)/Countries";
			};
			name = Debug;
		};
		F14A6DBE2BAB7BE100089038 /* Release */ = {
			isa = XCBuildConfiguration;
			buildSettings = {
				ALWAYS_EMBED_SWIFT_STANDARD_LIBRARIES = YES;
				BUNDLE_LOADER = "$(TEST_HOST)";
				CODE_SIGN_STYLE = Automatic;
				CURRENT_PROJECT_VERSION = 1;
				DEVELOPMENT_TEAM = 25HJ3QV4DT;
				GENERATE_INFOPLIST_FILE = YES;
				IPHONEOS_DEPLOYMENT_TARGET = 17.2;
				MARKETING_VERSION = 1.0;
				PRODUCT_BUNDLE_IDENTIFIER = tomer.ciucran.CountriesTests;
				PRODUCT_NAME = "$(TARGET_NAME)";
				SWIFT_EMIT_LOC_STRINGS = NO;
				SWIFT_VERSION = 5.0;
				TARGETED_DEVICE_FAMILY = "1,2";
				TEST_HOST = "$(BUILT_PRODUCTS_DIR)/Countries.app/$(BUNDLE_EXECUTABLE_FOLDER_PATH)/Countries";
			};
			name = Release;
		};
		F14A6DC02BAB7BE100089038 /* Debug */ = {
			isa = XCBuildConfiguration;
			buildSettings = {
				ALWAYS_EMBED_SWIFT_STANDARD_LIBRARIES = YES;
				CODE_SIGN_STYLE = Automatic;
				CURRENT_PROJECT_VERSION = 1;
				DEVELOPMENT_TEAM = 25HJ3QV4DT;
				GENERATE_INFOPLIST_FILE = YES;
				MARKETING_VERSION = 1.0;
				PRODUCT_BUNDLE_IDENTIFIER = tomer.ciucran.CountriesUITests;
				PRODUCT_NAME = "$(TARGET_NAME)";
				SWIFT_EMIT_LOC_STRINGS = NO;
				SWIFT_VERSION = 5.0;
				TARGETED_DEVICE_FAMILY = "1,2";
				TEST_TARGET_NAME = Countries;
			};
			name = Debug;
		};
		F14A6DC12BAB7BE100089038 /* Release */ = {
			isa = XCBuildConfiguration;
			buildSettings = {
				ALWAYS_EMBED_SWIFT_STANDARD_LIBRARIES = YES;
				CODE_SIGN_STYLE = Automatic;
				CURRENT_PROJECT_VERSION = 1;
				DEVELOPMENT_TEAM = 25HJ3QV4DT;
				GENERATE_INFOPLIST_FILE = YES;
				MARKETING_VERSION = 1.0;
				PRODUCT_BUNDLE_IDENTIFIER = tomer.ciucran.CountriesUITests;
				PRODUCT_NAME = "$(TARGET_NAME)";
				SWIFT_EMIT_LOC_STRINGS = NO;
				SWIFT_VERSION = 5.0;
				TARGETED_DEVICE_FAMILY = "1,2";
				TEST_TARGET_NAME = Countries;
			};
			name = Release;
		};
/* End XCBuildConfiguration section */

/* Begin XCConfigurationList section */
		F14A6D902BAB7BDF00089038 /* Build configuration list for PBXProject "Countries" */ = {
			isa = XCConfigurationList;
			buildConfigurations = (
				F14A6DB72BAB7BE000089038 /* Debug */,
				F14A6DB82BAB7BE000089038 /* Release */,
			);
			defaultConfigurationIsVisible = 0;
			defaultConfigurationName = Release;
		};
		F14A6DB92BAB7BE000089038 /* Build configuration list for PBXNativeTarget "Countries" */ = {
			isa = XCConfigurationList;
			buildConfigurations = (
				F14A6DBA2BAB7BE000089038 /* Debug */,
				F14A6DBB2BAB7BE000089038 /* Release */,
			);
			defaultConfigurationIsVisible = 0;
			defaultConfigurationName = Release;
		};
		F14A6DBC2BAB7BE100089038 /* Build configuration list for PBXNativeTarget "CountriesTests" */ = {
			isa = XCConfigurationList;
			buildConfigurations = (
				F14A6DBD2BAB7BE100089038 /* Debug */,
				F14A6DBE2BAB7BE100089038 /* Release */,
			);
			defaultConfigurationIsVisible = 0;
			defaultConfigurationName = Release;
		};
		F14A6DBF2BAB7BE100089038 /* Build configuration list for PBXNativeTarget "CountriesUITests" */ = {
			isa = XCConfigurationList;
			buildConfigurations = (
				F14A6DC02BAB7BE100089038 /* Debug */,
				F14A6DC12BAB7BE100089038 /* Release */,
			);
			defaultConfigurationIsVisible = 0;
			defaultConfigurationName = Release;
		};
/* End XCConfigurationList section */
	};
	rootObject = F14A6D8D2BAB7BDF00089038 /* Project object */;
}
